{
  "version": 4,
  "terraform_version": "0.14.7",
  "serial": 72,
  "lineage": "d00a31e8-df91-49f8-95b4-b93eae411db3",
  "outputs": {},
  "resources": [
    {
      "mode": "managed",
      "type": "azurerm_linux_virtual_machine",
      "name": "myVM",
      "provider": "provider[\"registry.terraform.io/hashicorp/azurerm\"]",
      "instances": [
        {
          "index_key": 0,
          "schema_version": 0,
          "attributes": {
            "additional_capabilities": [],
            "admin_password": null,
            "admin_ssh_key": [
              {
                "public_key": "ssh-rsa AAAAB3NzaC1yc2EAAAADAQABAAACAQCtRk+l4F5iUEoXM8OwXG30XotFfT00a+jbIE+kTBnJtJ5yUBbntB6B6Wkz+kQ4dQ1q407plenqTKlE8RmP3n6+uGbvTu1SAyoAWnfbcm03+/O1NwEHE2FD3kusJHrbMHY/NmvWNdwoBwuwIr0VPBxiG554WpJocIkHReKZD4/5Th/H+mvDFrRVLZAZAp7wUWyeBrTtyZmxHCkp2eqlXxoKwqEDmzRLv3eAWji9/gqZLAiJwzoOdNfaPBAyaWYoctMKxfrURSYc1HTfu5KSWaLdd8BFJe2CT0NMWzOOwVc82mi958YI27ZuueKIkJ5BJ92LksMDdXFUcde4zcpHsr90jywlPITu4cmPmCV5lPnUdwFYliy7CSnTkgO1pw4VHhiMcd5NVI2PP3yfeNPgDLm4m/OPMNhMdIHtQCnVZiwrWqg8nUQdPwziLRk4xTIMzGfwlrVC7+GxPI/32nbFh0XgkZLjrVagF5sJ2icBY8Zw2g6di3vCo/4zgbj1WH8QRuMVDr/rfkK/P6qNMrfLkFKQ+BX84YN0CdWTjQIcVnfXyc4GAUEitBgj9YXMgeo4z4lHHRsDGkuxepj+PDMi9d2bj3CXZwCwwAplRZplBxvWwflyYwlGuNzuMIxmzsTXTeM7b7PMpAwLACE0+BXPtQnxex3/XJtKHx9Rkg6EFmbwCw== diego@MBP-de-Diego.home\n",
                "username": "adminUsername"
              }
            ],
            "admin_username": "adminUsername",
            "allow_extension_operations": true,
            "availability_set_id": "",
            "boot_diagnostics": [
              {
                "storage_account_uri": "https://staccountdiego.blob.core.windows.net/"
              }
            ],
            "computer_name": "vm-master",
            "custom_data": null,
            "dedicated_host_id": "",
            "disable_password_authentication": true,
            "encryption_at_host_enabled": false,
            "eviction_policy": "",
            "extensions_time_budget": "PT1H30M",
            "id": "/subscriptions/6504a350-6991-4e2d-b5c1-a8e05390a03b/resourceGroups/kubernetes_rg/providers/Microsoft.Compute/virtualMachines/vm-master",
            "identity": [],
            "location": "westeurope",
            "max_bid_price": -1,
            "name": "vm-master",
            "network_interface_ids": [
              "/subscriptions/6504a350-6991-4e2d-b5c1-a8e05390a03b/resourceGroups/kubernetes_rg/providers/Microsoft.Network/networkInterfaces/nic-master"
            ],
            "os_disk": [
              {
                "caching": "ReadWrite",
                "diff_disk_settings": [],
                "disk_encryption_set_id": "",
                "disk_size_gb": 30,
                "name": "vm-master_OsDisk_1_4edf616dfb274954a205c2a4986b47da",
                "storage_account_type": "Standard_LRS",
                "write_accelerator_enabled": false
              }
            ],
            "plan": [
              {
                "name": "centos-8-stream-free",
                "product": "centos-8-stream-free",
                "publisher": "cognosys"
              }
            ],
            "priority": "Regular",
            "private_ip_address": "10.0.1.10",
            "private_ip_addresses": [
              "10.0.1.10"
            ],
            "provision_vm_agent": true,
            "proximity_placement_group_id": "",
            "public_ip_address": "40.118.12.53",
            "public_ip_addresses": [
              "40.118.12.53"
            ],
            "resource_group_name": "kubernetes_rg",
            "secret": [],
            "size": "Standard_D1_v2",
            "source_image_id": "",
            "source_image_reference": [
              {
                "offer": "centos-8-stream-free",
                "publisher": "cognosys",
                "sku": "centos-8-stream-free",
                "version": "1.2019.0810"
              }
            ],
            "tags": {
              "environment": "CP2"
            },
            "timeouts": null,
            "virtual_machine_id": "61c7e323-4826-4212-bf6e-ed26a13c0485",
            "virtual_machine_scale_set_id": "",
            "zone": ""
          },
          "sensitive_attributes": [],
          "private": "eyJlMmJmYjczMC1lY2FhLTExZTYtOGY4OC0zNDM2M2JjN2M0YzAiOnsiY3JlYXRlIjoyNzAwMDAwMDAwMDAwLCJkZWxldGUiOjI3MDAwMDAwMDAwMDAsInJlYWQiOjMwMDAwMDAwMDAwMCwidXBkYXRlIjoyNzAwMDAwMDAwMDAwfX0=",
          "dependencies": [
            "azurerm_network_interface.myNic",
            "azurerm_public_ip.myPublicIp",
            "azurerm_resource_group.rg",
            "azurerm_storage_account.stAccount",
            "azurerm_subnet.mySubnet",
            "azurerm_virtual_network.myNet"
          ]
        },
        {
          "index_key": 1,
          "schema_version": 0,
          "attributes": {
            "additional_capabilities": [],
            "admin_password": null,
            "admin_ssh_key": [
              {
                "public_key": "ssh-rsa AAAAB3NzaC1yc2EAAAADAQABAAACAQCtRk+l4F5iUEoXM8OwXG30XotFfT00a+jbIE+kTBnJtJ5yUBbntB6B6Wkz+kQ4dQ1q407plenqTKlE8RmP3n6+uGbvTu1SAyoAWnfbcm03+/O1NwEHE2FD3kusJHrbMHY/NmvWNdwoBwuwIr0VPBxiG554WpJocIkHReKZD4/5Th/H+mvDFrRVLZAZAp7wUWyeBrTtyZmxHCkp2eqlXxoKwqEDmzRLv3eAWji9/gqZLAiJwzoOdNfaPBAyaWYoctMKxfrURSYc1HTfu5KSWaLdd8BFJe2CT0NMWzOOwVc82mi958YI27ZuueKIkJ5BJ92LksMDdXFUcde4zcpHsr90jywlPITu4cmPmCV5lPnUdwFYliy7CSnTkgO1pw4VHhiMcd5NVI2PP3yfeNPgDLm4m/OPMNhMdIHtQCnVZiwrWqg8nUQdPwziLRk4xTIMzGfwlrVC7+GxPI/32nbFh0XgkZLjrVagF5sJ2icBY8Zw2g6di3vCo/4zgbj1WH8QRuMVDr/rfkK/P6qNMrfLkFKQ+BX84YN0CdWTjQIcVnfXyc4GAUEitBgj9YXMgeo4z4lHHRsDGkuxepj+PDMi9d2bj3CXZwCwwAplRZplBxvWwflyYwlGuNzuMIxmzsTXTeM7b7PMpAwLACE0+BXPtQnxex3/XJtKHx9Rkg6EFmbwCw== diego@MBP-de-Diego.home\n",
                "username": "adminUsername"
              }
            ],
            "admin_username": "adminUsername",
            "allow_extension_operations": true,
            "availability_set_id": "",
            "boot_diagnostics": [
              {
                "storage_account_uri": "https://staccountdiego.blob.core.windows.net/"
              }
            ],
            "computer_name": "vm-worker01",
            "custom_data": null,
            "dedicated_host_id": "",
            "disable_password_authentication": true,
            "encryption_at_host_enabled": false,
            "eviction_policy": "",
            "extensions_time_budget": "PT1H30M",
            "id": "/subscriptions/6504a350-6991-4e2d-b5c1-a8e05390a03b/resourceGroups/kubernetes_rg/providers/Microsoft.Compute/virtualMachines/vm-worker01",
            "identity": [],
            "location": "westeurope",
            "max_bid_price": -1,
            "name": "vm-worker01",
            "network_interface_ids": [
              "/subscriptions/6504a350-6991-4e2d-b5c1-a8e05390a03b/resourceGroups/kubernetes_rg/providers/Microsoft.Network/networkInterfaces/nic-worker01"
            ],
            "os_disk": [
              {
                "caching": "ReadWrite",
                "diff_disk_settings": [],
                "disk_encryption_set_id": "",
                "disk_size_gb": 30,
                "name": "vm-worker01_OsDisk_1_3cebb1d1d0fc4d3cb381aea2a94bccd2",
                "storage_account_type": "Standard_LRS",
                "write_accelerator_enabled": false
              }
            ],
            "plan": [
              {
                "name": "centos-8-stream-free",
                "product": "centos-8-stream-free",
                "publisher": "cognosys"
              }
            ],
            "priority": "Regular",
            "private_ip_address": "10.0.1.11",
            "private_ip_addresses": [
              "10.0.1.11"
            ],
            "provision_vm_agent": true,
            "proximity_placement_group_id": "",
            "public_ip_address": "40.118.1.159",
            "public_ip_addresses": [
              "40.118.1.159"
            ],
            "resource_group_name": "kubernetes_rg",
            "secret": [],
            "size": "Standard_D1_v2",
            "source_image_id": "",
            "source_image_reference": [
              {
                "offer": "centos-8-stream-free",
                "publisher": "cognosys",
                "sku": "centos-8-stream-free",
                "version": "1.2019.0810"
              }
            ],
            "tags": {
              "environment": "CP2"
            },
            "timeouts": null,
            "virtual_machine_id": "702efdf0-0489-43d3-abca-7aa2599753e4",
            "virtual_machine_scale_set_id": "",
            "zone": ""
          },
          "sensitive_attributes": [],
          "private": "eyJlMmJmYjczMC1lY2FhLTExZTYtOGY4OC0zNDM2M2JjN2M0YzAiOnsiY3JlYXRlIjoyNzAwMDAwMDAwMDAwLCJkZWxldGUiOjI3MDAwMDAwMDAwMDAsInJlYWQiOjMwMDAwMDAwMDAwMCwidXBkYXRlIjoyNzAwMDAwMDAwMDAwfX0=",
          "dependencies": [
            "azurerm_network_interface.myNic",
            "azurerm_public_ip.myPublicIp",
            "azurerm_resource_group.rg",
            "azurerm_storage_account.stAccount",
            "azurerm_subnet.mySubnet",
            "azurerm_virtual_network.myNet"
          ]
        },
        {
          "index_key": 2,
          "schema_version": 0,
          "attributes": {
            "additional_capabilities": [],
            "admin_password": null,
            "admin_ssh_key": [
              {
                "public_key": "ssh-rsa AAAAB3NzaC1yc2EAAAADAQABAAACAQCtRk+l4F5iUEoXM8OwXG30XotFfT00a+jbIE+kTBnJtJ5yUBbntB6B6Wkz+kQ4dQ1q407plenqTKlE8RmP3n6+uGbvTu1SAyoAWnfbcm03+/O1NwEHE2FD3kusJHrbMHY/NmvWNdwoBwuwIr0VPBxiG554WpJocIkHReKZD4/5Th/H+mvDFrRVLZAZAp7wUWyeBrTtyZmxHCkp2eqlXxoKwqEDmzRLv3eAWji9/gqZLAiJwzoOdNfaPBAyaWYoctMKxfrURSYc1HTfu5KSWaLdd8BFJe2CT0NMWzOOwVc82mi958YI27ZuueKIkJ5BJ92LksMDdXFUcde4zcpHsr90jywlPITu4cmPmCV5lPnUdwFYliy7CSnTkgO1pw4VHhiMcd5NVI2PP3yfeNPgDLm4m/OPMNhMdIHtQCnVZiwrWqg8nUQdPwziLRk4xTIMzGfwlrVC7+GxPI/32nbFh0XgkZLjrVagF5sJ2icBY8Zw2g6di3vCo/4zgbj1WH8QRuMVDr/rfkK/P6qNMrfLkFKQ+BX84YN0CdWTjQIcVnfXyc4GAUEitBgj9YXMgeo4z4lHHRsDGkuxepj+PDMi9d2bj3CXZwCwwAplRZplBxvWwflyYwlGuNzuMIxmzsTXTeM7b7PMpAwLACE0+BXPtQnxex3/XJtKHx9Rkg6EFmbwCw== diego@MBP-de-Diego.home\n",
                "username": "adminUsername"
              }
            ],
            "admin_username": "adminUsername",
            "allow_extension_operations": true,
            "availability_set_id": "",
            "boot_diagnostics": [
              {
                "storage_account_uri": "https://staccountdiego.blob.core.windows.net/"
              }
            ],
            "computer_name": "vm-worker02",
            "custom_data": null,
            "dedicated_host_id": "",
            "disable_password_authentication": true,
            "encryption_at_host_enabled": false,
            "eviction_policy": "",
            "extensions_time_budget": "PT1H30M",
            "id": "/subscriptions/6504a350-6991-4e2d-b5c1-a8e05390a03b/resourceGroups/kubernetes_rg/providers/Microsoft.Compute/virtualMachines/vm-worker02",
            "identity": [],
            "location": "westeurope",
            "max_bid_price": -1,
            "name": "vm-worker02",
            "network_interface_ids": [
              "/subscriptions/6504a350-6991-4e2d-b5c1-a8e05390a03b/resourceGroups/kubernetes_rg/providers/Microsoft.Network/networkInterfaces/nic-worker02"
            ],
            "os_disk": [
              {
                "caching": "ReadWrite",
                "diff_disk_settings": [],
                "disk_encryption_set_id": "",
                "disk_size_gb": 30,
                "name": "vm-worker02_OsDisk_1_5edf942ffe69403cbd44fd64ccd74de8",
                "storage_account_type": "Standard_LRS",
                "write_accelerator_enabled": false
              }
            ],
            "plan": [
              {
                "name": "centos-8-stream-free",
                "product": "centos-8-stream-free",
                "publisher": "cognosys"
              }
            ],
            "priority": "Regular",
            "private_ip_address": "10.0.1.12",
            "private_ip_addresses": [
              "10.0.1.12"
            ],
            "provision_vm_agent": true,
            "proximity_placement_group_id": "",
            "public_ip_address": "40.118.13.212",
            "public_ip_addresses": [
              "40.118.13.212"
            ],
            "resource_group_name": "kubernetes_rg",
            "secret": [],
            "size": "Standard_D1_v2",
            "source_image_id": "",
            "source_image_reference": [
              {
                "offer": "centos-8-stream-free",
                "publisher": "cognosys",
                "sku": "centos-8-stream-free",
                "version": "1.2019.0810"
              }
            ],
            "tags": {
              "environment": "CP2"
            },
            "timeouts": null,
            "virtual_machine_id": "3dd017e1-6e2b-4ff8-8611-eeb1a28c7d75",
            "virtual_machine_scale_set_id": "",
            "zone": ""
          },
          "sensitive_attributes": [],
          "private": "eyJlMmJmYjczMC1lY2FhLTExZTYtOGY4OC0zNDM2M2JjN2M0YzAiOnsiY3JlYXRlIjoyNzAwMDAwMDAwMDAwLCJkZWxldGUiOjI3MDAwMDAwMDAwMDAsInJlYWQiOjMwMDAwMDAwMDAwMCwidXBkYXRlIjoyNzAwMDAwMDAwMDAwfX0=",
          "dependencies": [
            "azurerm_network_interface.myNic",
            "azurerm_public_ip.myPublicIp",
            "azurerm_resource_group.rg",
            "azurerm_storage_account.stAccount",
            "azurerm_subnet.mySubnet",
            "azurerm_virtual_network.myNet"
          ]
        },
        {
          "index_key": 3,
          "schema_version": 0,
          "attributes": {
            "additional_capabilities": [],
            "admin_password": null,
            "admin_ssh_key": [
              {
                "public_key": "ssh-rsa AAAAB3NzaC1yc2EAAAADAQABAAACAQCtRk+l4F5iUEoXM8OwXG30XotFfT00a+jbIE+kTBnJtJ5yUBbntB6B6Wkz+kQ4dQ1q407plenqTKlE8RmP3n6+uGbvTu1SAyoAWnfbcm03+/O1NwEHE2FD3kusJHrbMHY/NmvWNdwoBwuwIr0VPBxiG554WpJocIkHReKZD4/5Th/H+mvDFrRVLZAZAp7wUWyeBrTtyZmxHCkp2eqlXxoKwqEDmzRLv3eAWji9/gqZLAiJwzoOdNfaPBAyaWYoctMKxfrURSYc1HTfu5KSWaLdd8BFJe2CT0NMWzOOwVc82mi958YI27ZuueKIkJ5BJ92LksMDdXFUcde4zcpHsr90jywlPITu4cmPmCV5lPnUdwFYliy7CSnTkgO1pw4VHhiMcd5NVI2PP3yfeNPgDLm4m/OPMNhMdIHtQCnVZiwrWqg8nUQdPwziLRk4xTIMzGfwlrVC7+GxPI/32nbFh0XgkZLjrVagF5sJ2icBY8Zw2g6di3vCo/4zgbj1WH8QRuMVDr/rfkK/P6qNMrfLkFKQ+BX84YN0CdWTjQIcVnfXyc4GAUEitBgj9YXMgeo4z4lHHRsDGkuxepj+PDMi9d2bj3CXZwCwwAplRZplBxvWwflyYwlGuNzuMIxmzsTXTeM7b7PMpAwLACE0+BXPtQnxex3/XJtKHx9Rkg6EFmbwCw== diego@MBP-de-Diego.home\n",
                "username": "adminUsername"
              }
            ],
            "admin_username": "adminUsername",
            "allow_extension_operations": true,
            "availability_set_id": "",
            "boot_diagnostics": [
              {
                "storage_account_uri": "https://staccountdiego.blob.core.windows.net/"
              }
            ],
            "computer_name": "vm-nfs",
            "custom_data": null,
            "dedicated_host_id": "",
            "disable_password_authentication": true,
            "encryption_at_host_enabled": false,
            "eviction_policy": "",
            "extensions_time_budget": "PT1H30M",
            "id": "/subscriptions/6504a350-6991-4e2d-b5c1-a8e05390a03b/resourceGroups/kubernetes_rg/providers/Microsoft.Compute/virtualMachines/vm-nfs",
            "identity": [],
            "location": "westeurope",
            "max_bid_price": -1,
            "name": "vm-nfs",
            "network_interface_ids": [
              "/subscriptions/6504a350-6991-4e2d-b5c1-a8e05390a03b/resourceGroups/kubernetes_rg/providers/Microsoft.Network/networkInterfaces/nic-nfs"
            ],
            "os_disk": [
              {
                "caching": "ReadWrite",
                "diff_disk_settings": [],
                "disk_encryption_set_id": "",
                "disk_size_gb": 30,
                "name": "vm-nfs_OsDisk_1_f825e6799ec54740813eeafac1dce89e",
                "storage_account_type": "Standard_LRS",
                "write_accelerator_enabled": false
              }
            ],
            "plan": [
              {
                "name": "centos-8-stream-free",
                "product": "centos-8-stream-free",
                "publisher": "cognosys"
              }
            ],
            "priority": "Regular",
            "private_ip_address": "10.0.1.13",
            "private_ip_addresses": [
              "10.0.1.13"
            ],
            "provision_vm_agent": true,
            "proximity_placement_group_id": "",
            "public_ip_address": "40.118.12.122",
            "public_ip_addresses": [
              "40.118.12.122"
            ],
            "resource_group_name": "kubernetes_rg",
            "secret": [],
            "size": "Standard_D1_v2",
            "source_image_id": "",
            "source_image_reference": [
              {
                "offer": "centos-8-stream-free",
                "publisher": "cognosys",
                "sku": "centos-8-stream-free",
                "version": "1.2019.0810"
              }
            ],
            "tags": {
              "environment": "CP2"
            },
            "timeouts": null,
            "virtual_machine_id": "48744866-e569-4a5a-ae1c-92b82f6eb237",
            "virtual_machine_scale_set_id": "",
            "zone": ""
          },
          "sensitive_attributes": [],
          "private": "eyJlMmJmYjczMC1lY2FhLTExZTYtOGY4OC0zNDM2M2JjN2M0YzAiOnsiY3JlYXRlIjoyNzAwMDAwMDAwMDAwLCJkZWxldGUiOjI3MDAwMDAwMDAwMDAsInJlYWQiOjMwMDAwMDAwMDAwMCwidXBkYXRlIjoyNzAwMDAwMDAwMDAwfX0=",
          "dependencies": [
            "azurerm_network_interface.myNic",
            "azurerm_public_ip.myPublicIp",
            "azurerm_resource_group.rg",
            "azurerm_storage_account.stAccount",
            "azurerm_subnet.mySubnet",
            "azurerm_virtual_network.myNet"
          ]
        }
      ]
    },
    {
      "mode": "managed",
      "type": "azurerm_network_interface",
      "name": "myNic",
      "provider": "provider[\"registry.terraform.io/hashicorp/azurerm\"]",
      "instances": [
        {
          "index_key": 0,
          "schema_version": 0,
          "attributes": {
            "applied_dns_servers": [],
            "dns_servers": [],
            "enable_accelerated_networking": false,
            "enable_ip_forwarding": false,
            "id": "/subscriptions/6504a350-6991-4e2d-b5c1-a8e05390a03b/resourceGroups/kubernetes_rg/providers/Microsoft.Network/networkInterfaces/nic-master",
            "internal_dns_name_label": "",
            "internal_domain_name_suffix": "m5r3fxoilpgenit3bb5x3rzghf.ax.internal.cloudapp.net",
            "ip_configuration": [
              {
                "name": "ipconfp-master",
                "primary": true,
                "private_ip_address": "10.0.1.10",
                "private_ip_address_allocation": "Static",
                "private_ip_address_version": "IPv4",
                "public_ip_address_id": "/subscriptions/6504a350-6991-4e2d-b5c1-a8e05390a03b/resourceGroups/kubernetes_rg/providers/Microsoft.Network/publicIPAddresses/vmip-master",
                "subnet_id": "/subscriptions/6504a350-6991-4e2d-b5c1-a8e05390a03b/resourceGroups/kubernetes_rg/providers/Microsoft.Network/virtualNetworks/kubernetesnet/subnets/terraformsubnet"
              }
            ],
            "location": "westeurope",
            "mac_address": "",
            "name": "nic-master",
            "private_ip_address": "10.0.1.10",
            "private_ip_addresses": [
              "10.0.1.10"
            ],
            "resource_group_name": "kubernetes_rg",
            "tags": {
              "environment": "CP2"
            },
            "timeouts": null,
            "virtual_machine_id": ""
          },
          "sensitive_attributes": [],
          "private": "eyJlMmJmYjczMC1lY2FhLTExZTYtOGY4OC0zNDM2M2JjN2M0YzAiOnsiY3JlYXRlIjoxODAwMDAwMDAwMDAwLCJkZWxldGUiOjE4MDAwMDAwMDAwMDAsInJlYWQiOjMwMDAwMDAwMDAwMCwidXBkYXRlIjoxODAwMDAwMDAwMDAwfX0=",
          "dependencies": [
            "azurerm_public_ip.myPublicIp",
            "azurerm_resource_group.rg",
            "azurerm_subnet.mySubnet",
            "azurerm_virtual_network.myNet"
          ]
        },
        {
          "index_key": 1,
          "schema_version": 0,
          "attributes": {
            "applied_dns_servers": [],
            "dns_servers": [],
            "enable_accelerated_networking": false,
            "enable_ip_forwarding": false,
            "id": "/subscriptions/6504a350-6991-4e2d-b5c1-a8e05390a03b/resourceGroups/kubernetes_rg/providers/Microsoft.Network/networkInterfaces/nic-worker01",
            "internal_dns_name_label": "",
            "internal_domain_name_suffix": "m5r3fxoilpgenit3bb5x3rzghf.ax.internal.cloudapp.net",
            "ip_configuration": [
              {
                "name": "ipconfp-worker01",
                "primary": true,
                "private_ip_address": "10.0.1.11",
                "private_ip_address_allocation": "Static",
                "private_ip_address_version": "IPv4",
                "public_ip_address_id": "/subscriptions/6504a350-6991-4e2d-b5c1-a8e05390a03b/resourceGroups/kubernetes_rg/providers/Microsoft.Network/publicIPAddresses/vmip-worker01",
                "subnet_id": "/subscriptions/6504a350-6991-4e2d-b5c1-a8e05390a03b/resourceGroups/kubernetes_rg/providers/Microsoft.Network/virtualNetworks/kubernetesnet/subnets/terraformsubnet"
              }
            ],
            "location": "westeurope",
            "mac_address": "",
            "name": "nic-worker01",
            "private_ip_address": "10.0.1.11",
            "private_ip_addresses": [
              "10.0.1.11"
            ],
            "resource_group_name": "kubernetes_rg",
            "tags": {
              "environment": "CP2"
            },
            "timeouts": null,
            "virtual_machine_id": ""
          },
          "sensitive_attributes": [],
          "private": "eyJlMmJmYjczMC1lY2FhLTExZTYtOGY4OC0zNDM2M2JjN2M0YzAiOnsiY3JlYXRlIjoxODAwMDAwMDAwMDAwLCJkZWxldGUiOjE4MDAwMDAwMDAwMDAsInJlYWQiOjMwMDAwMDAwMDAwMCwidXBkYXRlIjoxODAwMDAwMDAwMDAwfX0=",
          "dependencies": [
            "azurerm_public_ip.myPublicIp",
            "azurerm_resource_group.rg",
            "azurerm_subnet.mySubnet",
            "azurerm_virtual_network.myNet"
          ]
        },
        {
          "index_key": 2,
          "schema_version": 0,
          "attributes": {
            "applied_dns_servers": [],
            "dns_servers": [],
            "enable_accelerated_networking": false,
            "enable_ip_forwarding": false,
            "id": "/subscriptions/6504a350-6991-4e2d-b5c1-a8e05390a03b/resourceGroups/kubernetes_rg/providers/Microsoft.Network/networkInterfaces/nic-worker02",
            "internal_dns_name_label": "",
            "internal_domain_name_suffix": "m5r3fxoilpgenit3bb5x3rzghf.ax.internal.cloudapp.net",
            "ip_configuration": [
              {
                "name": "ipconfp-worker02",
                "primary": true,
                "private_ip_address": "10.0.1.12",
                "private_ip_address_allocation": "Static",
                "private_ip_address_version": "IPv4",
                "public_ip_address_id": "/subscriptions/6504a350-6991-4e2d-b5c1-a8e05390a03b/resourceGroups/kubernetes_rg/providers/Microsoft.Network/publicIPAddresses/vmip-worker02",
                "subnet_id": "/subscriptions/6504a350-6991-4e2d-b5c1-a8e05390a03b/resourceGroups/kubernetes_rg/providers/Microsoft.Network/virtualNetworks/kubernetesnet/subnets/terraformsubnet"
              }
            ],
            "location": "westeurope",
            "mac_address": "",
            "name": "nic-worker02",
            "private_ip_address": "10.0.1.12",
            "private_ip_addresses": [
              "10.0.1.12"
            ],
            "resource_group_name": "kubernetes_rg",
            "tags": {
              "environment": "CP2"
            },
            "timeouts": null,
            "virtual_machine_id": ""
          },
          "sensitive_attributes": [],
          "private": "eyJlMmJmYjczMC1lY2FhLTExZTYtOGY4OC0zNDM2M2JjN2M0YzAiOnsiY3JlYXRlIjoxODAwMDAwMDAwMDAwLCJkZWxldGUiOjE4MDAwMDAwMDAwMDAsInJlYWQiOjMwMDAwMDAwMDAwMCwidXBkYXRlIjoxODAwMDAwMDAwMDAwfX0=",
          "dependencies": [
            "azurerm_public_ip.myPublicIp",
            "azurerm_resource_group.rg",
            "azurerm_subnet.mySubnet",
            "azurerm_virtual_network.myNet"
          ]
        },
        {
          "index_key": 3,
          "schema_version": 0,
          "attributes": {
            "applied_dns_servers": [],
            "dns_servers": [],
            "enable_accelerated_networking": false,
            "enable_ip_forwarding": false,
            "id": "/subscriptions/6504a350-6991-4e2d-b5c1-a8e05390a03b/resourceGroups/kubernetes_rg/providers/Microsoft.Network/networkInterfaces/nic-nfs",
            "internal_dns_name_label": "",
            "internal_domain_name_suffix": "m5r3fxoilpgenit3bb5x3rzghf.ax.internal.cloudapp.net",
            "ip_configuration": [
              {
                "name": "ipconfp-nfs",
                "primary": true,
                "private_ip_address": "10.0.1.13",
                "private_ip_address_allocation": "Static",
                "private_ip_address_version": "IPv4",
                "public_ip_address_id": "/subscriptions/6504a350-6991-4e2d-b5c1-a8e05390a03b/resourceGroups/kubernetes_rg/providers/Microsoft.Network/publicIPAddresses/vmip-nfs",
                "subnet_id": "/subscriptions/6504a350-6991-4e2d-b5c1-a8e05390a03b/resourceGroups/kubernetes_rg/providers/Microsoft.Network/virtualNetworks/kubernetesnet/subnets/terraformsubnet"
              }
            ],
            "location": "westeurope",
            "mac_address": "",
            "name": "nic-nfs",
            "private_ip_address": "10.0.1.13",
            "private_ip_addresses": [
              "10.0.1.13"
            ],
            "resource_group_name": "kubernetes_rg",
            "tags": {
              "environment": "CP2"
            },
            "timeouts": null,
            "virtual_machine_id": ""
          },
          "sensitive_attributes": [],
          "private": "eyJlMmJmYjczMC1lY2FhLTExZTYtOGY4OC0zNDM2M2JjN2M0YzAiOnsiY3JlYXRlIjoxODAwMDAwMDAwMDAwLCJkZWxldGUiOjE4MDAwMDAwMDAwMDAsInJlYWQiOjMwMDAwMDAwMDAwMCwidXBkYXRlIjoxODAwMDAwMDAwMDAwfX0=",
          "dependencies": [
            "azurerm_public_ip.myPublicIp",
            "azurerm_resource_group.rg",
            "azurerm_subnet.mySubnet",
            "azurerm_virtual_network.myNet"
          ]
        }
      ]
    },
    {
      "mode": "managed",
      "type": "azurerm_network_interface_security_group_association",
      "name": "mySecGroupAssociation",
      "provider": "provider[\"registry.terraform.io/hashicorp/azurerm\"]",
      "instances": [
        {
          "index_key": 0,
          "schema_version": 0,
          "attributes": {
            "id": "/subscriptions/6504a350-6991-4e2d-b5c1-a8e05390a03b/resourceGroups/kubernetes_rg/providers/Microsoft.Network/networkInterfaces/nic-master|/subscriptions/6504a350-6991-4e2d-b5c1-a8e05390a03b/resourceGroups/kubernetes_rg/providers/Microsoft.Network/networkSecurityGroups/sshtraffic",
            "network_interface_id": "/subscriptions/6504a350-6991-4e2d-b5c1-a8e05390a03b/resourceGroups/kubernetes_rg/providers/Microsoft.Network/networkInterfaces/nic-master",
            "network_security_group_id": "/subscriptions/6504a350-6991-4e2d-b5c1-a8e05390a03b/resourceGroups/kubernetes_rg/providers/Microsoft.Network/networkSecurityGroups/sshtraffic",
            "timeouts": null
          },
          "sensitive_attributes": [],
          "private": "eyJlMmJmYjczMC1lY2FhLTExZTYtOGY4OC0zNDM2M2JjN2M0YzAiOnsiY3JlYXRlIjoxODAwMDAwMDAwMDAwLCJkZWxldGUiOjE4MDAwMDAwMDAwMDAsInJlYWQiOjMwMDAwMDAwMDAwMCwidXBkYXRlIjoxODAwMDAwMDAwMDAwfX0=",
          "dependencies": [
            "azurerm_network_interface.myNic",
            "azurerm_network_security_group.mySecGroup",
            "azurerm_public_ip.myPublicIp",
            "azurerm_resource_group.rg",
            "azurerm_subnet.mySubnet",
            "azurerm_virtual_network.myNet"
          ]
        },
        {
          "index_key": 1,
          "schema_version": 0,
          "attributes": {
            "id": "/subscriptions/6504a350-6991-4e2d-b5c1-a8e05390a03b/resourceGroups/kubernetes_rg/providers/Microsoft.Network/networkInterfaces/nic-worker01|/subscriptions/6504a350-6991-4e2d-b5c1-a8e05390a03b/resourceGroups/kubernetes_rg/providers/Microsoft.Network/networkSecurityGroups/sshtraffic",
            "network_interface_id": "/subscriptions/6504a350-6991-4e2d-b5c1-a8e05390a03b/resourceGroups/kubernetes_rg/providers/Microsoft.Network/networkInterfaces/nic-worker01",
            "network_security_group_id": "/subscriptions/6504a350-6991-4e2d-b5c1-a8e05390a03b/resourceGroups/kubernetes_rg/providers/Microsoft.Network/networkSecurityGroups/sshtraffic",
            "timeouts": null
          },
          "sensitive_attributes": [],
          "private": "eyJlMmJmYjczMC1lY2FhLTExZTYtOGY4OC0zNDM2M2JjN2M0YzAiOnsiY3JlYXRlIjoxODAwMDAwMDAwMDAwLCJkZWxldGUiOjE4MDAwMDAwMDAwMDAsInJlYWQiOjMwMDAwMDAwMDAwMCwidXBkYXRlIjoxODAwMDAwMDAwMDAwfX0=",
          "dependencies": [
            "azurerm_network_interface.myNic",
            "azurerm_network_security_group.mySecGroup",
            "azurerm_public_ip.myPublicIp",
            "azurerm_resource_group.rg",
            "azurerm_subnet.mySubnet",
            "azurerm_virtual_network.myNet"
          ]
        },
        {
          "index_key": 2,
          "schema_version": 0,
          "attributes": {
            "id": "/subscriptions/6504a350-6991-4e2d-b5c1-a8e05390a03b/resourceGroups/kubernetes_rg/providers/Microsoft.Network/networkInterfaces/nic-worker02|/subscriptions/6504a350-6991-4e2d-b5c1-a8e05390a03b/resourceGroups/kubernetes_rg/providers/Microsoft.Network/networkSecurityGroups/sshtraffic",
            "network_interface_id": "/subscriptions/6504a350-6991-4e2d-b5c1-a8e05390a03b/resourceGroups/kubernetes_rg/providers/Microsoft.Network/networkInterfaces/nic-worker02",
            "network_security_group_id": "/subscriptions/6504a350-6991-4e2d-b5c1-a8e05390a03b/resourceGroups/kubernetes_rg/providers/Microsoft.Network/networkSecurityGroups/sshtraffic",
            "timeouts": null
          },
          "sensitive_attributes": [],
          "private": "eyJlMmJmYjczMC1lY2FhLTExZTYtOGY4OC0zNDM2M2JjN2M0YzAiOnsiY3JlYXRlIjoxODAwMDAwMDAwMDAwLCJkZWxldGUiOjE4MDAwMDAwMDAwMDAsInJlYWQiOjMwMDAwMDAwMDAwMCwidXBkYXRlIjoxODAwMDAwMDAwMDAwfX0=",
          "dependencies": [
            "azurerm_network_interface.myNic",
            "azurerm_network_security_group.mySecGroup",
            "azurerm_public_ip.myPublicIp",
            "azurerm_resource_group.rg",
            "azurerm_subnet.mySubnet",
            "azurerm_virtual_network.myNet"
          ]
        },
        {
          "index_key": 3,
          "schema_version": 0,
          "attributes": {
            "id": "/subscriptions/6504a350-6991-4e2d-b5c1-a8e05390a03b/resourceGroups/kubernetes_rg/providers/Microsoft.Network/networkInterfaces/nic-nfs|/subscriptions/6504a350-6991-4e2d-b5c1-a8e05390a03b/resourceGroups/kubernetes_rg/providers/Microsoft.Network/networkSecurityGroups/sshtraffic",
            "network_interface_id": "/subscriptions/6504a350-6991-4e2d-b5c1-a8e05390a03b/resourceGroups/kubernetes_rg/providers/Microsoft.Network/networkInterfaces/nic-nfs",
            "network_security_group_id": "/subscriptions/6504a350-6991-4e2d-b5c1-a8e05390a03b/resourceGroups/kubernetes_rg/providers/Microsoft.Network/networkSecurityGroups/sshtraffic",
            "timeouts": null
          },
          "sensitive_attributes": [],
          "private": "eyJlMmJmYjczMC1lY2FhLTExZTYtOGY4OC0zNDM2M2JjN2M0YzAiOnsiY3JlYXRlIjoxODAwMDAwMDAwMDAwLCJkZWxldGUiOjE4MDAwMDAwMDAwMDAsInJlYWQiOjMwMDAwMDAwMDAwMCwidXBkYXRlIjoxODAwMDAwMDAwMDAwfX0=",
          "dependencies": [
            "azurerm_network_interface.myNic",
            "azurerm_network_security_group.mySecGroup",
            "azurerm_public_ip.myPublicIp",
            "azurerm_resource_group.rg",
            "azurerm_subnet.mySubnet",
            "azurerm_virtual_network.myNet"
          ]
        }
      ]
    },
    {
      "mode": "managed",
      "type": "azurerm_network_security_group",
      "name": "mySecGroup",
      "provider": "provider[\"registry.terraform.io/hashicorp/azurerm\"]",
      "instances": [
        {
          "index_key": 0,
          "schema_version": 0,
          "attributes": {
            "id": "/subscriptions/6504a350-6991-4e2d-b5c1-a8e05390a03b/resourceGroups/kubernetes_rg/providers/Microsoft.Network/networkSecurityGroups/sshtraffic",
            "location": "westeurope",
            "name": "sshtraffic",
            "resource_group_name": "kubernetes_rg",
            "security_rule": [
              {
                "access": "Allow",
                "description": "",
                "destination_address_prefix": "*",
                "destination_address_prefixes": [],
                "destination_application_security_group_ids": [],
                "destination_port_range": "22",
                "destination_port_ranges": [],
                "direction": "Inbound",
                "name": "SSH",
                "priority": 1001,
                "protocol": "Tcp",
                "source_address_prefix": "*",
                "source_address_prefixes": [],
                "source_application_security_group_ids": [],
                "source_port_range": "*",
                "source_port_ranges": []
              }
            ],
            "tags": {
              "environment": "CP2"
            },
            "timeouts": null
          },
          "sensitive_attributes": [],
          "private": "eyJlMmJmYjczMC1lY2FhLTExZTYtOGY4OC0zNDM2M2JjN2M0YzAiOnsiY3JlYXRlIjoxODAwMDAwMDAwMDAwLCJkZWxldGUiOjE4MDAwMDAwMDAwMDAsInJlYWQiOjMwMDAwMDAwMDAwMCwidXBkYXRlIjoxODAwMDAwMDAwMDAwfX0=",
          "dependencies": [
            "azurerm_resource_group.rg"
          ]
        },
        {
          "index_key": 1,
          "schema_version": 0,
          "attributes": {
            "id": "/subscriptions/6504a350-6991-4e2d-b5c1-a8e05390a03b/resourceGroups/kubernetes_rg/providers/Microsoft.Network/networkSecurityGroups/sshtraffic",
            "location": "westeurope",
            "name": "sshtraffic",
            "resource_group_name": "kubernetes_rg",
            "security_rule": [
              {
                "access": "Allow",
                "description": "",
                "destination_address_prefix": "*",
                "destination_address_prefixes": [],
                "destination_application_security_group_ids": [],
                "destination_port_range": "22",
                "destination_port_ranges": [],
                "direction": "Inbound",
                "name": "SSH",
                "priority": 1001,
                "protocol": "Tcp",
                "source_address_prefix": "*",
                "source_address_prefixes": [],
                "source_application_security_group_ids": [],
                "source_port_range": "*",
                "source_port_ranges": []
              }
            ],
            "tags": {
              "environment": "CP2"
            },
            "timeouts": null
          },
          "sensitive_attributes": [],
          "private": "eyJlMmJmYjczMC1lY2FhLTExZTYtOGY4OC0zNDM2M2JjN2M0YzAiOnsiY3JlYXRlIjoxODAwMDAwMDAwMDAwLCJkZWxldGUiOjE4MDAwMDAwMDAwMDAsInJlYWQiOjMwMDAwMDAwMDAwMCwidXBkYXRlIjoxODAwMDAwMDAwMDAwfX0=",
          "dependencies": [
            "azurerm_resource_group.rg"
          ]
        },
        {
          "index_key": 2,
          "schema_version": 0,
          "attributes": {
            "id": "/subscriptions/6504a350-6991-4e2d-b5c1-a8e05390a03b/resourceGroups/kubernetes_rg/providers/Microsoft.Network/networkSecurityGroups/sshtraffic",
            "location": "westeurope",
            "name": "sshtraffic",
            "resource_group_name": "kubernetes_rg",
            "security_rule": [
              {
                "access": "Allow",
                "description": "",
                "destination_address_prefix": "*",
                "destination_address_prefixes": [],
                "destination_application_security_group_ids": [],
                "destination_port_range": "22",
                "destination_port_ranges": [],
                "direction": "Inbound",
                "name": "SSH",
                "priority": 1001,
                "protocol": "Tcp",
                "source_address_prefix": "*",
                "source_address_prefixes": [],
                "source_application_security_group_ids": [],
                "source_port_range": "*",
                "source_port_ranges": []
              }
            ],
            "tags": {
              "environment": "CP2"
            },
            "timeouts": null
          },
          "sensitive_attributes": [],
          "private": "eyJlMmJmYjczMC1lY2FhLTExZTYtOGY4OC0zNDM2M2JjN2M0YzAiOnsiY3JlYXRlIjoxODAwMDAwMDAwMDAwLCJkZWxldGUiOjE4MDAwMDAwMDAwMDAsInJlYWQiOjMwMDAwMDAwMDAwMCwidXBkYXRlIjoxODAwMDAwMDAwMDAwfX0=",
          "dependencies": [
            "azurerm_resource_group.rg"
          ]
        },
        {
          "index_key": 3,
          "schema_version": 0,
          "attributes": {
            "id": "/subscriptions/6504a350-6991-4e2d-b5c1-a8e05390a03b/resourceGroups/kubernetes_rg/providers/Microsoft.Network/networkSecurityGroups/sshtraffic",
            "location": "westeurope",
            "name": "sshtraffic",
            "resource_group_name": "kubernetes_rg",
            "security_rule": [
              {
                "access": "Allow",
                "description": "",
                "destination_address_prefix": "*",
                "destination_address_prefixes": [],
                "destination_application_security_group_ids": [],
                "destination_port_range": "22",
                "destination_port_ranges": [],
                "direction": "Inbound",
                "name": "SSH",
                "priority": 1001,
                "protocol": "Tcp",
                "source_address_prefix": "*",
                "source_address_prefixes": [],
                "source_application_security_group_ids": [],
                "source_port_range": "*",
                "source_port_ranges": []
              }
            ],
            "tags": {
              "environment": "CP2"
            },
            "timeouts": null
          },
          "sensitive_attributes": [],
          "private": "eyJlMmJmYjczMC1lY2FhLTExZTYtOGY4OC0zNDM2M2JjN2M0YzAiOnsiY3JlYXRlIjoxODAwMDAwMDAwMDAwLCJkZWxldGUiOjE4MDAwMDAwMDAwMDAsInJlYWQiOjMwMDAwMDAwMDAwMCwidXBkYXRlIjoxODAwMDAwMDAwMDAwfX0=",
          "dependencies": [
            "azurerm_resource_group.rg"
          ]
        }
      ]
    },
    {
      "mode": "managed",
      "type": "azurerm_public_ip",
      "name": "myPublicIp",
      "provider": "provider[\"registry.terraform.io/hashicorp/azurerm\"]",
      "instances": [
        {
          "index_key": 0,
          "schema_version": 0,
          "attributes": {
            "allocation_method": "Dynamic",
            "domain_name_label": null,
            "fqdn": null,
            "id": "/subscriptions/6504a350-6991-4e2d-b5c1-a8e05390a03b/resourceGroups/kubernetes_rg/providers/Microsoft.Network/publicIPAddresses/vmip-master",
            "idle_timeout_in_minutes": 4,
            "ip_address": "",
            "ip_version": "IPv4",
            "location": "westeurope",
            "name": "vmip-master",
            "public_ip_prefix_id": null,
            "resource_group_name": "kubernetes_rg",
            "reverse_fqdn": null,
            "sku": "Basic",
            "tags": {
              "environment": "CP2"
            },
            "timeouts": null,
            "zones": null
          },
          "sensitive_attributes": [],
          "private": "eyJlMmJmYjczMC1lY2FhLTExZTYtOGY4OC0zNDM2M2JjN2M0YzAiOnsiY3JlYXRlIjoxODAwMDAwMDAwMDAwLCJkZWxldGUiOjE4MDAwMDAwMDAwMDAsInJlYWQiOjMwMDAwMDAwMDAwMCwidXBkYXRlIjoxODAwMDAwMDAwMDAwfX0=",
          "dependencies": [
            "azurerm_resource_group.rg"
          ]
        },
        {
          "index_key": 1,
          "schema_version": 0,
          "attributes": {
            "allocation_method": "Dynamic",
            "domain_name_label": null,
            "fqdn": null,
            "id": "/subscriptions/6504a350-6991-4e2d-b5c1-a8e05390a03b/resourceGroups/kubernetes_rg/providers/Microsoft.Network/publicIPAddresses/vmip-worker01",
            "idle_timeout_in_minutes": 4,
            "ip_address": "",
            "ip_version": "IPv4",
            "location": "westeurope",
            "name": "vmip-worker01",
            "public_ip_prefix_id": null,
            "resource_group_name": "kubernetes_rg",
            "reverse_fqdn": null,
            "sku": "Basic",
            "tags": {
              "environment": "CP2"
            },
            "timeouts": null,
            "zones": null
          },
          "sensitive_attributes": [],
          "private": "eyJlMmJmYjczMC1lY2FhLTExZTYtOGY4OC0zNDM2M2JjN2M0YzAiOnsiY3JlYXRlIjoxODAwMDAwMDAwMDAwLCJkZWxldGUiOjE4MDAwMDAwMDAwMDAsInJlYWQiOjMwMDAwMDAwMDAwMCwidXBkYXRlIjoxODAwMDAwMDAwMDAwfX0=",
          "dependencies": [
            "azurerm_resource_group.rg"
          ]
        },
        {
          "index_key": 2,
          "schema_version": 0,
          "attributes": {
            "allocation_method": "Dynamic",
            "domain_name_label": null,
            "fqdn": null,
            "id": "/subscriptions/6504a350-6991-4e2d-b5c1-a8e05390a03b/resourceGroups/kubernetes_rg/providers/Microsoft.Network/publicIPAddresses/vmip-worker02",
            "idle_timeout_in_minutes": 4,
            "ip_address": "",
            "ip_version": "IPv4",
            "location": "westeurope",
            "name": "vmip-worker02",
            "public_ip_prefix_id": null,
            "resource_group_name": "kubernetes_rg",
            "reverse_fqdn": null,
            "sku": "Basic",
            "tags": {
              "environment": "CP2"
            },
            "timeouts": null,
            "zones": null
          },
          "sensitive_attributes": [],
          "private": "eyJlMmJmYjczMC1lY2FhLTExZTYtOGY4OC0zNDM2M2JjN2M0YzAiOnsiY3JlYXRlIjoxODAwMDAwMDAwMDAwLCJkZWxldGUiOjE4MDAwMDAwMDAwMDAsInJlYWQiOjMwMDAwMDAwMDAwMCwidXBkYXRlIjoxODAwMDAwMDAwMDAwfX0=",
          "dependencies": [
            "azurerm_resource_group.rg"
          ]
        },
        {
          "index_key": 3,
          "schema_version": 0,
          "attributes": {
            "allocation_method": "Dynamic",
            "domain_name_label": null,
            "fqdn": null,
            "id": "/subscriptions/6504a350-6991-4e2d-b5c1-a8e05390a03b/resourceGroups/kubernetes_rg/providers/Microsoft.Network/publicIPAddresses/vmip-nfs",
            "idle_timeout_in_minutes": 4,
            "ip_address": "",
            "ip_version": "IPv4",
            "location": "westeurope",
            "name": "vmip-nfs",
            "public_ip_prefix_id": null,
            "resource_group_name": "kubernetes_rg",
            "reverse_fqdn": null,
            "sku": "Basic",
            "tags": {
              "environment": "CP2"
            },
            "timeouts": null,
            "zones": null
          },
          "sensitive_attributes": [],
          "private": "eyJlMmJmYjczMC1lY2FhLTExZTYtOGY4OC0zNDM2M2JjN2M0YzAiOnsiY3JlYXRlIjoxODAwMDAwMDAwMDAwLCJkZWxldGUiOjE4MDAwMDAwMDAwMDAsInJlYWQiOjMwMDAwMDAwMDAwMCwidXBkYXRlIjoxODAwMDAwMDAwMDAwfX0=",
          "dependencies": [
            "azurerm_resource_group.rg"
          ]
        }
      ]
    },
    {
      "mode": "managed",
      "type": "azurerm_resource_group",
      "name": "rg",
      "provider": "provider[\"registry.terraform.io/hashicorp/azurerm\"]",
      "instances": [
        {
          "schema_version": 0,
          "attributes": {
            "id": "/subscriptions/6504a350-6991-4e2d-b5c1-a8e05390a03b/resourceGroups/kubernetes_rg",
            "location": "westeurope",
            "name": "kubernetes_rg",
            "tags": {
              "environment": "CP2"
            },
            "timeouts": null
          },
          "sensitive_attributes": [],
          "private": "eyJlMmJmYjczMC1lY2FhLTExZTYtOGY4OC0zNDM2M2JjN2M0YzAiOnsiY3JlYXRlIjo1NDAwMDAwMDAwMDAwLCJkZWxldGUiOjU0MDAwMDAwMDAwMDAsInJlYWQiOjMwMDAwMDAwMDAwMCwidXBkYXRlIjo1NDAwMDAwMDAwMDAwfX0="
        }
      ]
    },
    {
      "mode": "managed",
      "type": "azurerm_storage_account",
      "name": "stAccount",
      "provider": "provider[\"registry.terraform.io/hashicorp/azurerm\"]",
      "instances": [
        {
          "schema_version": 2,
          "attributes": {
            "access_tier": "Hot",
            "account_kind": "StorageV2",
            "account_replication_type": "LRS",
            "account_tier": "Standard",
            "allow_blob_public_access": false,
            "blob_properties": [],
            "custom_domain": [],
            "enable_https_traffic_only": true,
            "id": "/subscriptions/6504a350-6991-4e2d-b5c1-a8e05390a03b/resourceGroups/kubernetes_rg/providers/Microsoft.Storage/storageAccounts/staccountdiego",
            "identity": [],
            "is_hns_enabled": false,
            "large_file_share_enabled": null,
            "location": "westeurope",
            "min_tls_version": "TLS1_0",
            "name": "staccountdiego",
            "network_rules": [
              {
                "bypass": [
                  "AzureServices"
                ],
                "default_action": "Allow",
                "ip_rules": [],
                "virtual_network_subnet_ids": []
              }
            ],
            "primary_access_key": "WIMvi5ZsstDRYFtJIuxiQiDOeLbQU6Wvz49PdBQBtJLvtOOyF9YWEbCFlIYWEVT1z3gI6VUIIpKbWFy+EGdOFA==",
            "primary_blob_connection_string": "DefaultEndpointsProtocol=https;BlobEndpoint=https://staccountdiego.blob.core.windows.net/;AccountName=staccountdiego;AccountKey=WIMvi5ZsstDRYFtJIuxiQiDOeLbQU6Wvz49PdBQBtJLvtOOyF9YWEbCFlIYWEVT1z3gI6VUIIpKbWFy+EGdOFA==",
            "primary_blob_endpoint": "https://staccountdiego.blob.core.windows.net/",
            "primary_blob_host": "staccountdiego.blob.core.windows.net",
            "primary_connection_string": "DefaultEndpointsProtocol=https;AccountName=staccountdiego;AccountKey=WIMvi5ZsstDRYFtJIuxiQiDOeLbQU6Wvz49PdBQBtJLvtOOyF9YWEbCFlIYWEVT1z3gI6VUIIpKbWFy+EGdOFA==;EndpointSuffix=core.windows.net",
            "primary_dfs_endpoint": "https://staccountdiego.dfs.core.windows.net/",
            "primary_dfs_host": "staccountdiego.dfs.core.windows.net",
            "primary_file_endpoint": "https://staccountdiego.file.core.windows.net/",
            "primary_file_host": "staccountdiego.file.core.windows.net",
            "primary_location": "westeurope",
            "primary_queue_endpoint": "https://staccountdiego.queue.core.windows.net/",
            "primary_queue_host": "staccountdiego.queue.core.windows.net",
            "primary_table_endpoint": "https://staccountdiego.table.core.windows.net/",
            "primary_table_host": "staccountdiego.table.core.windows.net",
            "primary_web_endpoint": "https://staccountdiego.z6.web.core.windows.net/",
            "primary_web_host": "staccountdiego.z6.web.core.windows.net",
            "queue_properties": [
              {
                "cors_rule": [],
                "hour_metrics": [
                  {
                    "enabled": true,
                    "include_apis": true,
                    "retention_policy_days": 7,
                    "version": "1.0"
                  }
                ],
                "logging": [
                  {
                    "delete": false,
                    "read": false,
                    "retention_policy_days": 0,
                    "version": "1.0",
                    "write": false
                  }
                ],
                "minute_metrics": [
                  {
                    "enabled": false,
                    "include_apis": false,
                    "retention_policy_days": 0,
                    "version": "1.0"
                  }
                ]
              }
            ],
            "resource_group_name": "kubernetes_rg",
            "secondary_access_key": "4EQmxF7gSWcLip+Pr808una3/+Td1Y0gTNFjJyVxp2emWfTzVBWIZ+XVsTiYA005THhhWAcJNf04+X2IogK7hA==",
            "secondary_blob_connection_string": "",
            "secondary_blob_endpoint": null,
            "secondary_blob_host": null,
            "secondary_connection_string": "DefaultEndpointsProtocol=https;AccountName=staccountdiego;AccountKey=4EQmxF7gSWcLip+Pr808una3/+Td1Y0gTNFjJyVxp2emWfTzVBWIZ+XVsTiYA005THhhWAcJNf04+X2IogK7hA==;EndpointSuffix=core.windows.net",
            "secondary_dfs_endpoint": null,
            "secondary_dfs_host": null,
            "secondary_file_endpoint": null,
            "secondary_file_host": null,
            "secondary_location": "",
            "secondary_queue_endpoint": null,
            "secondary_queue_host": null,
            "secondary_table_endpoint": null,
            "secondary_table_host": null,
            "secondary_web_endpoint": null,
            "secondary_web_host": null,
            "static_website": [],
            "tags": {
              "environment": "CP2"
            },
            "timeouts": null
          },
          "sensitive_attributes": [],
          "private": "eyJlMmJmYjczMC1lY2FhLTExZTYtOGY4OC0zNDM2M2JjN2M0YzAiOnsiY3JlYXRlIjozNjAwMDAwMDAwMDAwLCJkZWxldGUiOjM2MDAwMDAwMDAwMDAsInJlYWQiOjMwMDAwMDAwMDAwMCwidXBkYXRlIjozNjAwMDAwMDAwMDAwfSwic2NoZW1hX3ZlcnNpb24iOiIyIn0=",
          "dependencies": [
            "azurerm_resource_group.rg"
          ]
        }
      ]
    },
    {
      "mode": "managed",
      "type": "azurerm_subnet",
      "name": "mySubnet",
      "provider": "provider[\"registry.terraform.io/hashicorp/azurerm\"]",
      "instances": [
        {
          "schema_version": 0,
          "attributes": {
            "address_prefix": "10.0.1.0/24",
            "address_prefixes": [
              "10.0.1.0/24"
            ],
            "delegation": [],
            "enforce_private_link_endpoint_network_policies": false,
            "enforce_private_link_service_network_policies": false,
            "id": "/subscriptions/6504a350-6991-4e2d-b5c1-a8e05390a03b/resourceGroups/kubernetes_rg/providers/Microsoft.Network/virtualNetworks/kubernetesnet/subnets/terraformsubnet",
            "name": "terraformsubnet",
            "resource_group_name": "kubernetes_rg",
            "service_endpoint_policy_ids": null,
            "service_endpoints": null,
            "timeouts": null,
            "virtual_network_name": "kubernetesnet"
          },
          "sensitive_attributes": [],
          "private": "eyJlMmJmYjczMC1lY2FhLTExZTYtOGY4OC0zNDM2M2JjN2M0YzAiOnsiY3JlYXRlIjoxODAwMDAwMDAwMDAwLCJkZWxldGUiOjE4MDAwMDAwMDAwMDAsInJlYWQiOjMwMDAwMDAwMDAwMCwidXBkYXRlIjoxODAwMDAwMDAwMDAwfX0=",
          "dependencies": [
            "azurerm_resource_group.rg",
            "azurerm_virtual_network.myNet"
          ]
        }
      ]
    },
    {
      "mode": "managed",
      "type": "azurerm_virtual_network",
      "name": "myNet",
      "provider": "provider[\"registry.terraform.io/hashicorp/azurerm\"]",
      "instances": [
        {
          "schema_version": 0,
          "attributes": {
            "address_space": [
              "10.0.0.0/16"
            ],
            "bgp_community": "",
            "ddos_protection_plan": [],
            "dns_servers": null,
            "guid": "ddd2e367-5bc8-46cc-a27d-087f7ec7263d",
            "id": "/subscriptions/6504a350-6991-4e2d-b5c1-a8e05390a03b/resourceGroups/kubernetes_rg/providers/Microsoft.Network/virtualNetworks/kubernetesnet",
            "location": "westeurope",
            "name": "kubernetesnet",
            "resource_group_name": "kubernetes_rg",
            "subnet": [],
            "tags": {
              "environment": "CP2"
            },
            "timeouts": null,
            "vm_protection_enabled": false
          },
          "sensitive_attributes": [],
          "private": "eyJlMmJmYjczMC1lY2FhLTExZTYtOGY4OC0zNDM2M2JjN2M0YzAiOnsiY3JlYXRlIjoxODAwMDAwMDAwMDAwLCJkZWxldGUiOjE4MDAwMDAwMDAwMDAsInJlYWQiOjMwMDAwMDAwMDAwMCwidXBkYXRlIjoxODAwMDAwMDAwMDAwfX0=",
          "dependencies": [
            "azurerm_resource_group.rg"
          ]
        }
      ]
    }
  ]
}
